
Microsoft Visual Studio Solution File, Format Version 12.00
# Visual Studio Version 17
VisualStudioVersion = 17.14.36109.1 d17.14
MinimumVisualStudioVersion = 10.0.40219.1
Project("{FAE04EC0-301F-11D3-BF4B-00C04F79EFBC}") = "Phone_api", "Phone_api\Phone_api.csproj", "{FF43B7AC-825D-4DE7-AF61-08414861A7D9}"
EndProject
Global
	GlobalSection(SolutionConfigurationPlatforms) = preSolution
		Debug|Any CPU = Debug|Any CPU
		Release|Any CPU = Release|Any CPU
	EndGlobalSection
	GlobalSection(ProjectConfigurationPlatforms) = postSolution
		{FF43B7AC-825D-4DE7-AF61-08414861A7D9}.Debug|Any CPU.ActiveCfg = Debug|Any CPU
		{FF43B7AC-825D-4DE7-AF61-08414861A7D9}.Debug|Any CPU.Build.0 = Debug|Any CPU
		{FF43B7AC-825D-4DE7-AF61-08414861A7D9}.Release|Any CPU.ActiveCfg = Release|Any CPU
		{FF43B7AC-825D-4DE7-AF61-08414861A7D9}.Release|Any CPU.Build.0 = Release|Any CPU
	EndGlobalSection
	GlobalSection(SolutionProperties) = preSolution
		HideSolutionNode = FALSE
	EndGlobalSection
	GlobalSection(ExtensibilityGlobals) = postSolution
		SolutionGuid = {53609BC9-C849-4794-A999-30E4164FBF2E}
	EndGlobalSection
EndGlobal
